
Microsoft Visual Studio Solution File, Format Version 12.00
# Visual Studio Version 17
VisualStudioVersion = 17.2.32526.322
MinimumVisualStudioVersion = 10.0.40219.1
Project("{FAE04EC0-301F-11D3-BF4B-00C04F79EFBC}") = "BigSchool", "BigSchool\BigSchool.csproj", "{B40C9FA9-C2A0-4DE7-9643-5411976EA0DE}"
EndProject
Global
	GlobalSection(SolutionConfigurationPlatforms) = preSolution
		Debug|Any CPU = Debug|Any CPU
		Release|Any CPU = Release|Any CPU
	EndGlobalSection
	GlobalSection(ProjectConfigurationPlatforms) = postSolution
		{B40C9FA9-C2A0-4DE7-9643-5411976EA0DE}.Debug|Any CPU.ActiveCfg = Debug|Any CPU
		{B40C9FA9-C2A0-4DE7-9643-5411976EA0DE}.Debug|Any CPU.Build.0 = Debug|Any CPU
		{B40C9FA9-C2A0-4DE7-9643-5411976EA0DE}.Release|Any CPU.ActiveCfg = Release|Any CPU
		{B40C9FA9-C2A0-4DE7-9643-5411976EA0DE}.Release|Any CPU.Build.0 = Release|Any CPU
	EndGlobalSection
	GlobalSection(SolutionProperties) = preSolution
		HideSolutionNode = FALSE
	EndGlobalSection
	GlobalSection(ExtensibilityGlobals) = postSolution
		SolutionGuid = {37A25D3C-3BEB-4D8D-A9B4-529C10014D73}
	EndGlobalSection
EndGlobal
